
Microsoft Visual Studio Solution File, Format Version 12.00
# Visual Studio Version 17
VisualStudioVersion = 17.12.35527.113
MinimumVisualStudioVersion = 10.0.40219.1
Project("{FAE04EC0-301F-11D3-BF4B-00C04F79EFBC}") = "BankApp.API", "BankApp.API\BankApp.API.csproj", "{9451E418-5227-43E8-9BBF-CEE8E50D50B0}"
EndProject
Project("{E24C65DC-7377-472B-9ABA-BC803B73C61A}") = "bank-frontend", "bank-frontend\", "{011F9459-0970-4E48-8E4B-375AD37FBCD6}"
	ProjectSection(WebsiteProperties) = preProject
		TargetFrameworkMoniker = ".NETFramework,Version%3Dv4.8"
		Debug.AspNetCompiler.VirtualPath = "/localhost_37978"
		Debug.AspNetCompiler.PhysicalPath = "bank-frontend\"
		Debug.AspNetCompiler.TargetPath = "PrecompiledWeb\localhost_37978\"
		Debug.AspNetCompiler.Updateable = "true"
		Debug.AspNetCompiler.ForceOverwrite = "true"
		Debug.AspNetCompiler.FixedNames = "false"
		Debug.AspNetCompiler.Debug = "True"
		Release.AspNetCompiler.VirtualPath = "/localhost_37978"
		Release.AspNetCompiler.PhysicalPath = "bank-frontend\"
		Release.AspNetCompiler.TargetPath = "PrecompiledWeb\localhost_37978\"
		Release.AspNetCompiler.Updateable = "true"
		Release.AspNetCompiler.ForceOverwrite = "true"
		Release.AspNetCompiler.FixedNames = "false"
		Release.AspNetCompiler.Debug = "False"
		VWDPort = "37978"
		SlnRelativePath = "bank-frontend\"
	EndProjectSection
EndProject
Global
	GlobalSection(SolutionConfigurationPlatforms) = preSolution
		Debug|Any CPU = Debug|Any CPU
		Release|Any CPU = Release|Any CPU
	EndGlobalSection
	GlobalSection(ProjectConfigurationPlatforms) = postSolution
		{9451E418-5227-43E8-9BBF-CEE8E50D50B0}.Debug|Any CPU.ActiveCfg = Debug|Any CPU
		{9451E418-5227-43E8-9BBF-CEE8E50D50B0}.Debug|Any CPU.Build.0 = Debug|Any CPU
		{9451E418-5227-43E8-9BBF-CEE8E50D50B0}.Release|Any CPU.ActiveCfg = Release|Any CPU
		{9451E418-5227-43E8-9BBF-CEE8E50D50B0}.Release|Any CPU.Build.0 = Release|Any CPU
		{011F9459-0970-4E48-8E4B-375AD37FBCD6}.Debug|Any CPU.ActiveCfg = Debug|Any CPU
		{011F9459-0970-4E48-8E4B-375AD37FBCD6}.Debug|Any CPU.Build.0 = Debug|Any CPU
		{011F9459-0970-4E48-8E4B-375AD37FBCD6}.Release|Any CPU.ActiveCfg = Debug|Any CPU
		{011F9459-0970-4E48-8E4B-375AD37FBCD6}.Release|Any CPU.Build.0 = Debug|Any CPU
	EndGlobalSection
	GlobalSection(SolutionProperties) = preSolution
		HideSolutionNode = FALSE
	EndGlobalSection
EndGlobal
